{
    "_meta": {
        "hash": {
            "sha256": "5c36db0cea398c6275725006acb4b06de79e53754f9d27f4f280488c19e63357"
        },
        "pipfile-spec": 6,
        "requires": {
            "python_full_version": "3.9.12",
            "python_version": "3.9"
        },
        "sources": [
            {
                "name": "pypi",
                "url": "https://pypi.org/simple",
                "verify_ssl": true
            }
        ]
    },
    "default": {
        "cramjam": {
            "hashes": [
                "sha256:028400d699442d40dbda02f74158c73d05cb76587a12490d0bfedd958fd49188",
                "sha256:033be66fdceb3d63b2c99b257a98380c4ec22c9e4dca54a2bfec3718cd24e184",
                "sha256:03a7316c6bf763dfa34279335b27702321da44c455a64de58112968c0818ec4a",
                "sha256:045201ee17147e36cf43d8ae2fa4b4836944ac672df5874579b81cf6d40f1a1f",
                "sha256:04cfa39118570e70e920a9b75c733299784b6d269733dbc791d9aaed6edd2615",
                "sha256:092a3ec26e0a679305018380e4f652eae1b6dfe3fc3b154ee76aa6b92221a17c",
                "sha256:0a70ff17f8e1d13f322df616505550f0f4c39eda62290acb56f069d4857037c8",
                "sha256:0cf1b5a81b21ea175c976c3ab09e00494258f4b49b7995efc86060cced3f0b2e",
                "sha256:0ee47c220f0f5179ddc923ab91fc9e282c27b29fabc60c433dfe06f08084f798",
                "sha256:11eb40722b3fcf3e6890fba46c711bf60f8dc26360a24876c85e52d76c33b25b",
                "sha256:13240b3dea41b1174456cb9426843b085dc1a2bdcecd9ee2d8f65ac5703374b0",
                "sha256:1789a057b6d09acf112c1c84701fc03ba5cc0fcf2ada786ce02a7e73dd466ca5",
                "sha256:17eb39b1696179fb471eea2de958fa21f40a2cd8bf6b40d428312d5541e19dc4",
                "sha256:193c6488bd2f514cbc0bef5c18fad61a5f9c8d059dd56edf773b3b37f0e85496",
                "sha256:19eb43e21db9dc42613599703c1a8e40b0170514a313f11f4c8be380425a1019",
                "sha256:1c6cea67f6000b81f6bd27d14c8a6f62d00336ca7252fd03ee16f6b70eb5c0d2",
                "sha256:1d77b9b0aca02a3f6eeeff27fcd315ca5972616c0919ee38e522cce257bcd349",
                "sha256:1e2400c09ba620e2ca91a903dbe907d75f6a1994d8337e9f3026778daa92b08d",
                "sha256:1f6449f6de52dde3e2f1038284910c8765a397a25e2d05083870f3f5e7fc682c",
                "sha256:1f71989668458fc327ac15396db28d92df22f8024bb12963929798b2729d2df5",
                "sha256:20c8684d2a693e3052532b9730d4399ba2ee212cacf3b961349aad35d13b0c8c",
                "sha256:244c2ed8bd7ccbb294a2abe7ca6498db7e89d7eb5e744691dc511a7dc82e65ca",
                "sha256:24758375cc5414d3035ca967ebb800e8f24604ececcba3c67d6f0218201ebf2d",
                "sha256:2581e82dca742b55d8b1d7f33892394c06b057a74f2853ffcb0802dcddcbf694",
                "sha256:261e9200942189d8201a005ffa1e29339479364b5b0013ab0758b03229d9ac67",
                "sha256:26cb45c47d71982d76282e303931c6dd4baee1753e5d48f9a89b3a63e690b3a3",
                "sha256:28952fbbf8b32c0cb7fa4be9bcccfca734bf0d0989f4b509dc7f2f70ba79ae06",
                "sha256:2c289729cc1c04e88bafa48b51082fb462b0a57dbc96494eab2be9b14dca62af",
                "sha256:2fa2fe41f48c4d58d923803383b0737f048918b5a0d10390de9628bb6272b107",
                "sha256:309e95bf898829476bccf4fd2c358ec00e7ff73a12f95a3cdeeba4bb1d3683d5",
                "sha256:320d61938950d95da2371b46c406ec433e7955fae9f396c8e1bf148ffc187d11",
                "sha256:360c00338ecf48921492455007f904be607fc7818de3d681acbcc542aae2fb36",
                "sha256:362fcf4d6f5e1242a4540812455f5a594949190f6fbc04f2ffbfd7ae0266d788",
                "sha256:36aa5a798aa34e11813a80425a30d8e052d8de4a28f27bfc0368cfc454d1b403",
                "sha256:3705888b7acacddd46886926fa390dd3df0e1d9e6fe273fd4edb4cbf8eb64735",
                "sha256:37bed927abc4a7ae2d2669baa3675e21904d8a038ed8e4313326ea7b3be62b2b",
                "sha256:382dec4f996be48ed9c6958d4e30c2b89435d7c2c4dbf32480b3b8886293dd65",
                "sha256:387f09d647a0d38dcb4539f8a14281f8eb6bb1d3e023471eb18a5974b2121c86",
                "sha256:3c1aa56aef2c8af55a21ed39040a94a12b53fb23beea290f94d19a76027e2ffb",
                "sha256:3d1ba626dd5f81f7f09bbf59f70b534e2b75e0d6582b056b7bd31b397f1c13e9",
                "sha256:405f8790bad36ce0b4bbdb964ad51507bfc7942c78447f25cb828b870a1d86a0",
                "sha256:40a75b95e05e38a2a055b2446f09994ce1139151721659315151d4ad6289bbff",
                "sha256:41eafc8c1653a35a5c7e75ad48138f9f60085cc05cd99d592e5298552d944e9f",
                "sha256:449fca52774dc0199545fbf11f5128933e5a6833946707885cf7be8018017839",
                "sha256:4526c4313306a264049e03e6c17b4e728a0647166dddbc1af7baf8e78a65721c",
                "sha256:4820516366d455b549a44d0e2210ee7c4575882dda677564ce79092588321d54",
                "sha256:4b86f8e6d9c1b3f9a75b2af870c93ceee0f1b827cd2507387540e053b35d7459",
                "sha256:4b9a46eca804a51e8eb7b243c8e4513afc3b63aa60b69bc48e0efe6c648c4de0",
                "sha256:4efe919d443c2fd112fe25fe636a52f9628250c9a50d9bddb0488d8a6c09acc6",
                "sha256:4f8d82081ed7d8fe52c982bd1f06e4c7631a73fe1fb6d4b3b3f2404f87dc40fe",
                "sha256:50e4a58635fa8c6897d84847d6e065eb69f92811670fc5e9f2d9e3b6279a02b6",
                "sha256:50e7d65533857736cd56f6509cf2c4866f28ad84dd15b5bdbf2f8a81e77fa28a",
                "sha256:514e2c008a8b4fa823122ca3ecab896eac41d9aa0f5fc881bd6264486c204e32",
                "sha256:5251585608778b9ac8effed544933df7ad85b4ba21ee9738b551f17798b215ac",
                "sha256:529d6d667c65fd105d10bd83d1cd3f9869f8fd6c66efac9415c1812281196a92",
                "sha256:52d5db3369f95b27b9f3c14d067acb0b183333613363ed34268c9e04560f997f",
                "sha256:53fed080476d5f6ad7505883ec5d1ec28ba36c2273db3b3e92d7224fe5e463db",
                "sha256:54c4637122e7cfd7aac5c1d3d4c02364f446d6923ea34cf9d0e8816d6e7a4936",
                "sha256:555eb9c90c450e0f76e27d9ff064e64a8b8c6478ab1a5594c91b7bc5c82fd9f0",
                "sha256:57286b289cd557ac76c24479d8ecfb6c3d5b854cce54ccc7671f9a2f5e2a2708",
                "sha256:5c82500ed91605c2d9781380b378397012e25127e89d64f460fea6aeac4389b4",
                "sha256:5eb0603d8f8019451fc00e1daf4022dfc9df59c16d2e68f925c77ac94555493b",
                "sha256:5eb4ed3cea945b164b0513fd491884993acac2153a27b93a84019c522e8eda82",
                "sha256:5edf4c9e32493035b514cf2ba0c969d81ccb31de63bd05490cc8bfe3b431674e",
                "sha256:619cd195d74c9e1d2a3ad78d63451d35379c84bd851aec552811e30842e1c67a",
                "sha256:62ab4971199b2270005359cdc379bc5736071dc7c9a228581c5122d9ffaac50c",
                "sha256:66425bc25b5481359b12a6719b6e7c90ffe76d85d0691f1da7df304bfb8ce45c",
                "sha256:665b0d8fbbb1a7f300265b43926457ec78385200133e41fef19d85790fc1e800",
                "sha256:66a18f68506290349a256375d7aa2f645b9f7993c10fc4cc211db214e4e61d2b",
                "sha256:6b1b751a5411032b08fb3ac556160229ca01c6bbe4757bb3a9a40b951ebaac23",
                "sha256:6c2eea545fef1065c7dd4eda991666fd9c783fbc1d226592ccca8d8891c02f23",
                "sha256:6eb3ae5ab72edb2ed68bdc0f5710f0a6cad7fd778a610ec2c31ee15e32d3921e",
                "sha256:724aa7490be50235d97f07e2ca10067927c5d7f336b786ddbc868470e822aa25",
                "sha256:72524cd27e67cf95d9c6bb5eacf47cf78473554f74685f57ccabb368988d91bc",
                "sha256:753710ae1f33b1a34178d104b7e1ac0a94a3f386d14dc24305663f63dc67cabc",
                "sha256:75b07d36ee034f05e3566878d83f3043d8297dad67937ada15c504ac3e50f9fd",
                "sha256:7855bc4df5ed5f7fb1c98ea3fd98292e9acd3c097b1b21d596a69e1e60455400",
                "sha256:78ed2e4099812a438b545dfbca1928ec825e743cd253bc820372d6ef8c3adff4",
                "sha256:7a6ed7926a5cca28edebad7d0fedd2ad492710ae3524d25fc59a2b20546d9ce1",
                "sha256:7ba5e38c9fbd06f086f4a5a64a1a5b7b417cd3f8fc07a20e5c03651f72f36100",
                "sha256:7d5c8bfb438d94e7b892d1426da5fc4b4a5370cc360df9b8d9d77c33b896c37e",
                "sha256:7d9aecd5c3845d415bd6c9957c93de8d93097e269137c2ecb0e5a5256374bdc8",
                "sha256:84265f2221e83fb1e41a8e33788c06e3ba22629e88644d0841a470cc28baa3f7",
                "sha256:86dca35d2f15ef22922411496c220f3c9e315d5512f316fe417461971cc1648d",
                "sha256:9115f7a4ba2f110e9dcda72a43adaeba202f42cf181877bcf3eecca359576bfe",
                "sha256:966ac9358b23d21ecd895c418c048e806fd254e46d09b1ff0cdad2eba195ea3e",
                "sha256:98aa4a351b047b0f7f9e971585982065028adc2c162c5c23c5d5734c5ccc1077",
                "sha256:9ca14cf1cabdb0b77d606db1bb9e9ca593b1dbd421fcaf251ec9a5431ec449f3",
                "sha256:9f995c6b638255c9301166ed7033cb8fe0f34043a46b8e6a055a56b8a38c2114",
                "sha256:a24c61f1fad56ca68aee53bf67b6a84cd762a2c71ee4b71064378547c2411ae6",
                "sha256:a4963dac24213690183110d6b41125fdc4af871a5a213589d6c6606d49e1b949",
                "sha256:a6d9a23a35b3a105c42a8de60fc2e80281ae6e758f05a3baea0b68eb1ddcb679",
                "sha256:a88bc9b191422cd5b22a1521b28607008590628b6b2a8a7db5c54ec04dc82fa1",
                "sha256:a8949f97ab445d8aa2ccbeab244b46257114d38b6860210b2109b7e5b3ff2c5e",
                "sha256:a9994a42cd12f07ece04eff94dbf6e127b3986f7af9b26db1eb4545c477a6604",
                "sha256:ab86d22f69a21961f35d1a1b02278b5bb9a95c5f5b4722c6904bca343c8d219f",
                "sha256:ad52784120e7e4d8a0b5b0517d185b8bf7f74f5e17272857ddc8951a628d9be1",
                "sha256:aeb26e2898994b6e8319f19a4d37c481512acdcc6d30e1b5ecc9d8ec57e835cb",
                "sha256:b1f893014f00fe5e89a660a032e813bf9f6d91de74cd1490cdb13b2b59d0c9a3",
                "sha256:b820004db8b22715cee2ef154d4b47b3d76c4677ff217c587dd46f694a3052f9",
                "sha256:b8adeee57b41fe08e4520698a4b0bd3cc76dbd81f99424b806d70a5256a391d3",
                "sha256:b96a74fa03a636c8a7d76f700d50e9a8bc17a516d6a72d28711225d641e30968",
                "sha256:bd748d3407ec63e049b3aea1595e218814fccab329b7fb10bb51120a30e9fb7e",
                "sha256:bf81b2e517baadf41eb85c4762ae596dd1dd2c852988ce86a2df6aa7e31d9228",
                "sha256:c26a1eb487947010f5de24943bd7c422dad955b2b0f8650762539778c380ca89",
                "sha256:c3811a56fa32e00b377ef79121c0193311fd7501f0fb378f254c7f083cc1fbe0",
                "sha256:c54eed83726269594b9086d827decc7d2015696e31b99bf9b69b12d9063584fe",
                "sha256:c5d927e87461f8a0d448e4ab5eb2bca9f31ca5d8ea86d70c6f470bb5bc666d7e",
                "sha256:c71e140d5eb3145d61d59d0be0bf72f07cc4cf4b32cb136b09f712a3b1040f5f",
                "sha256:c77570660abcf3b8931b258d57b600b3484795977797009bed112f0d7b6933bf",
                "sha256:c9af16f0b07d851b968c54e52d19430d820bb47c26d10a09cfb5c7127de26773",
                "sha256:ca905387c7a371531b9622d93471be4d745ef715f2890c3702479cd4fc85aa51",
                "sha256:cb148b35ab20c75b19a06c27f05732e2a321adbd86fadc93f9466dbd7b1154a7",
                "sha256:cb1fb8c9337ab0da25a01c05d69a0463209c347f16512ac43be5986f3d1ebaf4",
                "sha256:ccec3524ea41b9abd5600e3e27001fd774199dbb4f7b9cb248fcee37d4bda84c",
                "sha256:ccf30e3fe6d770a803dcdf3bb863fa44ba5dc2664d4610ba2746a3c73599f2e4",
                "sha256:cec977d673ad596bae6bdfc0091ee386cef05b515b23f2ce52f9fadd0156186a",
                "sha256:d0859c65775e8ebf2cbc084bfd51bd0ffda10266da6f9306451123b89f8e5a63",
                "sha256:d388bd5723732c3afe1dd1d181e4213cc4e1be210b080572e7d5749f6e955656",
                "sha256:d87d37b3d476f4f7623c56a232045d25bd9b988314702ea01bd9b4a94948a778",
                "sha256:d9e5db525dc0a950a825202f84ee68d89a072479e07da98795a3469df942d301",
                "sha256:dba5c14b8b4f73ea1e65720f5a3fe4280c1d27761238378be8274135c60bbc6e",
                "sha256:dca88bc8b68ce6d35dafd8c4d5d59a238a56c43fa02b74c2ce5f9dfb0d1ccb46",
                "sha256:dcc3b15b97f3054964b47e2a5fcfb4f5ff569e9af0a7af19f1d4c5f4231bbf3b",
                "sha256:df7da3f4b19e3078f9635f132d31b0a8196accb2576e3213ddd7a77f93317c20",
                "sha256:e5d042c376d2025300da37d65192d06a457918b63b31140f697f85fd8e310b29",
                "sha256:e5db59c1cdfaa2ab85cc988e602d6919495f735ca8a5fd7603608eb1e23c26d5",
                "sha256:ee36348a204f0a68b03400f4736224e9f61d1c6a1582d7f875c1ca56f0254268",
                "sha256:ee77ac543f1e2b22af1e8be3ae589f729491b6090582340aacd77d1d757d9569",
                "sha256:f1f5c450121430fd89cb5767e0a9728ecc65997768fd4027d069cb0368af62f9",
                "sha256:f31fcc0d30dc3f3e94ea6b4d8e1a855071757c6abf6a7b1e284050ab7d4c299c",
                "sha256:f6a32313a5fdbc4fc4fd681a1895d55ee4bf81275e88638b1643b54ecf850cbe",
                "sha256:f8195006fdd0fc0a85b19df3d64a3ef8a240e483ae1dfc7ac6a4316019eb5df2"
            ],
            "markers": "python_version >= '3.8'",
            "version": "==2.11.0"
        },
        "fastparquet": {
            "hashes": [
                "sha256:053695c2f730b78a2d3925df7cd5c6444d6c1560076af907993361cc7accf3e2",
                "sha256:0a52eecc6270ae15f0d51347c3f762703dd667ca486f127dc0a21e7e59856ae5",
                "sha256:0b74333914f454344458dab9d1432fda9b70d62e28dc7acb1512d937ef1424ee",
                "sha256:0e2d7f02f57231e6c86d26e9ea71953737202f20e948790e5d4db6d6a1a150dc",
                "sha256:1ae953c0e3832ae3936b6d92fde493ac7d8b775d7d59d02f7f46f67e1c21ed24",
                "sha256:29d5c718817bcd765fc519b17f759cad4945974421ecc1931d3bdc3e05e57fa9",
                "sha256:36b5c9bd2ffaaa26ff45d59a6cefe58503dd748e0c7fad80dd905749da0f2b9e",
                "sha256:374cdfa745aa7d5188430528d5841cf823eb9ad16df72ad6dadd898ccccce3be",
                "sha256:403d31109d398b6be7ce84fa3483fc277c6a23f0b321348c0a505eb098a041cb",
                "sha256:41d1610130b5cb1ce36467766191c5418cba8631e2bfe3affffaf13f9be4e7a8",
                "sha256:46b2db02fc2a1507939d35441c8ab211d53afd75d82eec9767d1c3656402859b",
                "sha256:4abd3426607335e5ad09be29ef4eeccdf097710e44420deac16893cee64ea0d8",
                "sha256:4c8401bfd86cccaf0ab7c0ade58c91ae19317ff6092e1d4ad96c2178197d8124",
                "sha256:561202e8f0e859ccc1aa77c4aaad1d7901b2d50fd6f624ca018bae4c3c7a62ce",
                "sha256:5914ecfa766b7763201b9f49d832a5e89c2dccad470ca4f9c9b228d9a8349756",
                "sha256:59e5c5b51083d5b82572cdb7aed0346e3181e3ac9d2e45759da2e804bdafa7ee",
                "sha256:60ccf587410f0979105e17036df61bb60e1c2b81880dc91895cdb4ee65b71e7f",
                "sha256:63e0e416e25c15daa174aad8ba991c2e9e5b0dc347e5aed5562124261400f87b",
                "sha256:6595d3771b3d587a31137e985f751b4d599d5c8e9af9c4858e373fdf5c3f8720",
                "sha256:6b7df5d3b61a19d76e209fe8d3133759af1c139e04ebc6d43f3cc2d8045ef338",
                "sha256:6b936dcf40ca5fff9e70383d48811b1482b871ff74af857cb4db5f4d072f01ab",
                "sha256:6ec7b398a86432993441d0a08dfae59e29649c803ed64ec4b1d7c3e0855b14cb",
                "sha256:74a0b3c40ab373442c0fda96b75a36e88745d8b138fcc3a6143e04682cbbb8ca",
                "sha256:869e167a4067116b4a27eb7adbe597130b2e2e9cfc0f3e84f60e2e182a933f23",
                "sha256:8b35823ac7a194134e5f82fa4a9659e42e8f9ad1f2d22a55fbb7b9e4053aabbb",
                "sha256:9a9387e77ac608d8978774caaf1e19de67eaa1386806e514dcb19f741b19cfe5",
                "sha256:a3afdef2895c9f459135a00a7ed3ceafebfbce918a9e7b5d550e4fae39c1b64d",
                "sha256:a5ad5fc14b0567e700bea3cd528a0bd45a6f9371370b49de8889fb3d10a6574a",
                "sha256:bdadf7b6bad789125b823bfc5b0a719ba5c4a2ef965f973702d3ea89cff057f6",
                "sha256:cbbb9057a26acf0abad7adf58781ee357258b7708ee44a289e3bee97e2f55d42",
                "sha256:d20632964e65530374ff7cddd42cc06aa0a1388934903693d6d22592a5ba827b",
                "sha256:d24c923a2d9d22a5e7564245f856e6462d524d57982ac8f7479cde991ff73362",
                "sha256:d281edd625c33628ba028d3221180283d6161bc5ceb55eae1f0ca1678f864f26",
                "sha256:dbad4b014782bd38b58b8e9f514fe958cfa7a6c4e187859232d29fd5c5ddd849",
                "sha256:dc475993232c6a64f350aeb928013a807eb93f78675810fd019cbcff39f6baf3",
                "sha256:e29ff7a367fafa57c6896fb6abc84126e2466811aefd3e4ad4070b9e18820e54",
                "sha256:e3b1fc73fd3e1b70b0de254bae7feb890436cb67e99458b88cb9bd3cc44db419",
                "sha256:eb3356862fba2f9b2ea8e679d66901f466c92be8e023439fe854bc392fbf40a6",
                "sha256:f9cca4c6b5969df5561c13786f9d116300db1ec22c7941e237cfca4ce602f59b",
                "sha256:fa56b19a29008c34cfe8831e810f770080debcbffc69aabd1df4d47572181f9c",
                "sha256:fbe4468146b633d8f09d7b196fea0547f213cb5ce5f76e9d1beb29eaa9593a93"
            ],
            "index": "pypi",
            "markers": "python_version >= '3.9'",
            "version": "==2024.11.0"
        },
        "fsspec": {
            "hashes": [
                "sha256:19fd429483d25d28b65ec68f9f4adc16c17ea2c7c7bf54ec61360d478fb19c19",
                "sha256:530dc2a2af60a414a832059574df4a6e10cce927f6f4a78209390fe38955cfb7"
            ],
            "markers": "python_version >= '3.9'",
            "version": "==2025.9.0"
        },
        "joblib": {
            "hashes": [
                "sha256:3faa5c39054b2f03ca547da9b2f52fde67c06240c31853f306aea97f13647b55",
                "sha256:4e1f0bdbb987e6d843c70cf43714cb276623def372df3c22fe5266b2670bc241"
            ],
            "markers": "python_version >= '3.9'",
            "version": "==1.5.2"
        },
        "numpy": {
            "hashes": [
                "sha256:0123ffdaa88fa4ab64835dcbde75dcdf89c453c922f18dced6e27c90d1d0ec5a",
                "sha256:11a76c372d1d37437857280aa142086476136a8c0f373b2e648ab2c8f18fb195",
                "sha256:13e689d772146140a252c3a28501da66dfecd77490b498b168b501835041f951",
                "sha256:1e795a8be3ddbac43274f18588329c72939870a16cae810c2b73461c40718ab1",
                "sha256:26df23238872200f63518dd2aa984cfca675d82469535dc7162dc2ee52d9dd5c",
                "sha256:286cd40ce2b7d652a6f22efdfc6d1edf879440e53e76a75955bc0c826c7e64dc",
                "sha256:2b2955fa6f11907cf7a70dab0d0755159bca87755e831e47932367fc8f2f2d0b",
                "sha256:2da5960c3cf0df7eafefd806d4e612c5e19358de82cb3c343631188991566ccd",
                "sha256:312950fdd060354350ed123c0e25a71327d3711584beaef30cdaa93320c392d4",
                "sha256:423e89b23490805d2a5a96fe40ec507407b8ee786d66f7328be214f9679df6dd",
                "sha256:496f71341824ed9f3d2fd36cf3ac57ae2e0165c143b55c3a035ee219413f3318",
                "sha256:49ca4decb342d66018b01932139c0961a8f9ddc7589611158cb3c27cbcf76448",
                "sha256:51129a29dbe56f9ca83438b706e2e69a39892b5eda6cedcb6b0c9fdc9b0d3ece",
                "sha256:5fec9451a7789926bcf7c2b8d187292c9f93ea30284802a0ab3f5be8ab36865d",
                "sha256:671bec6496f83202ed2d3c8fdc486a8fc86942f2e69ff0e986140339a63bcbe5",
                "sha256:7f0a0c6f12e07fa94133c8a67404322845220c06a9e80e85999afe727f7438b8",
                "sha256:807ec44583fd708a21d4a11d94aedf2f4f3c3719035c76a2bbe1fe8e217bdc57",
                "sha256:883c987dee1880e2a864ab0dc9892292582510604156762362d9326444636e78",
                "sha256:8c5713284ce4e282544c68d1c3b2c7161d38c256d2eefc93c1d683cf47683e66",
                "sha256:8cafab480740e22f8d833acefed5cc87ce276f4ece12fdaa2e8903db2f82897a",
                "sha256:8df823f570d9adf0978347d1f926b2a867d5608f434a7cff7f7908c6570dcf5e",
                "sha256:9059e10581ce4093f735ed23f3b9d283b9d517ff46009ddd485f1747eb22653c",
                "sha256:905d16e0c60200656500c95b6b8dca5d109e23cb24abc701d41c02d74c6b3afa",
                "sha256:9189427407d88ff25ecf8f12469d4d39d35bee1db5d39fc5c168c6f088a6956d",
                "sha256:96a55f64139912d61de9137f11bf39a55ec8faec288c75a54f93dfd39f7eb40c",
                "sha256:97032a27bd9d8988b9a97a8c4d2c9f2c15a81f61e2f21404d7e8ef00cb5be729",
                "sha256:984d96121c9f9616cd33fbd0618b7f08e0cfc9600a7ee1d6fd9b239186d19d97",
                "sha256:9a92ae5c14811e390f3767053ff54eaee3bf84576d99a2456391401323f4ec2c",
                "sha256:9ea91dfb7c3d1c56a0e55657c0afb38cf1eeae4544c208dc465c3c9f3a7c09f9",
                "sha256:a15f476a45e6e5a3a79d8a14e62161d27ad897381fecfa4a09ed5322f2085669",
                "sha256:a392a68bd329eafac5817e5aefeb39038c48b671afd242710b451e76090e81f4",
                "sha256:a3f4ab0caa7f053f6797fcd4e1e25caee367db3112ef2b6ef82d749530768c73",
                "sha256:a46288ec55ebbd58947d31d72be2c63cbf839f0a63b49cb755022310792a3385",
                "sha256:a61ec659f68ae254e4d237816e33171497e978140353c0c2038d46e63282d0c8",
                "sha256:a842d573724391493a97a62ebbb8e731f8a5dcc5d285dfc99141ca15a3302d0c",
                "sha256:becfae3ddd30736fe1889a37f1f580e245ba79a5855bff5f2a29cb3ccc22dd7b",
                "sha256:c05e238064fc0610c840d1cf6a13bf63d7e391717d247f1bf0318172e759e692",
                "sha256:c1c9307701fec8f3f7a1e6711f9089c06e6284b3afbbcd259f7791282d660a15",
                "sha256:c7b0be4ef08607dd04da4092faee0b86607f111d5ae68036f16cc787e250a131",
                "sha256:cfd41e13fdc257aa5778496b8caa5e856dc4896d4ccf01841daee1d96465467a",
                "sha256:d731a1c6116ba289c1e9ee714b08a8ff882944d4ad631fd411106a30f083c326",
                "sha256:df55d490dea7934f330006d0f81e8551ba6010a5bf035a249ef61a94f21c500b",
                "sha256:ec9852fb39354b5a45a80bdab5ac02dd02b15f44b3804e9f00c556bf24b4bded",
                "sha256:f15975dfec0cf2239224d80e32c3170b1d168335eaedee69da84fbe9f1f9cd04",
                "sha256:f26b258c385842546006213344c50655ff1555a9338e2e5e02a0756dc3e803dd"
            ],
            "index": "pypi",
            "markers": "python_version >= '3.9'",
            "version": "==2.0.2"
        },
        "packaging": {
            "hashes": [
                "sha256:29572ef2b1f17581046b3a2227d5c611fb25ec70ca1ba8554b24b0e69331a484",
                "sha256:d443872c98d677bf60f6a1f2f8c1cb748e8fe762d2bf9d3148b5599295b0fc4f"
            ],
            "markers": "python_version >= '3.8'",
            "version": "==25.0"
        },
        "pandas": {
            "hashes": [
                "sha256:0064187b80a5be6f2f9c9d6bdde29372468751dfa89f4211a3c5871854cfbf7a",
                "sha256:0bd281310d4f412733f319a5bc552f86d62cddc5f51d2e392c8787335c994175",
                "sha256:0c6ecbac99a354a051ef21c5307601093cb9e0f4b1855984a084bfec9302699e",
                "sha256:0cee69d583b9b128823d9514171cabb6861e09409af805b54459bd0c821a35c2",
                "sha256:114c2fe4f4328cf98ce5716d1532f3ab79c5919f95a9cfee81d9140064a2e4d6",
                "sha256:12d039facec710f7ba305786837d0225a3444af7bbd9c15c32ca2d40d157ed8b",
                "sha256:1333e9c299adcbb68ee89a9bb568fc3f20f9cbb419f1dd5225071e6cddb2a743",
                "sha256:13bd629c653856f00c53dc495191baa59bcafbbf54860a46ecc50d3a88421a96",
                "sha256:1b9b52693123dd234b7c985c68b709b0b009f4521000d0525f2b95c22f15944b",
                "sha256:1d81573b3f7db40d020983f78721e9bfc425f411e616ef019a10ebf597aedb2e",
                "sha256:213a5adf93d020b74327cb2c1b842884dbdd37f895f42dcc2f09d451d949f811",
                "sha256:21bb612d148bb5860b7eb2c10faacf1a810799245afd342cf297d7551513fbb6",
                "sha256:220cc5c35ffaa764dd5bb17cf42df283b5cb7fdf49e10a7b053a06c9cb48ee2b",
                "sha256:2319656ed81124982900b4c37f0e0c58c015af9a7bbc62342ba5ad07ace82ba9",
                "sha256:36d627906fd44b5fd63c943264e11e96e923f8de77d6016dc2f667b9ad193438",
                "sha256:3fbb977f802156e7a3f829e9d1d5398f6192375a3e2d1a9ee0803e35fe70a2b9",
                "sha256:42c05e15111221384019897df20c6fe893b2f697d03c811ee67ec9e0bb5a3424",
                "sha256:45178cf09d1858a1509dc73ec261bf5b25a625a389b65be2e47b559905f0ab6a",
                "sha256:48fa91c4dfb3b2b9bfdb5c24cd3567575f4e13f9636810462ffed8925352be5a",
                "sha256:4ac8c320bded4718b298281339c1a50fb00a6ba78cb2a63521c39bec95b0209b",
                "sha256:52bc29a946304c360561974c6542d1dd628ddafa69134a7131fdfd6a5d7a1a35",
                "sha256:76972bcbd7de8e91ad5f0ca884a9f2c477a2125354af624e022c49e5bd0dfff4",
                "sha256:77cefe00e1b210f9c76c697fedd8fdb8d3dd86563e9c8adc9fa72b90f5e9e4c2",
                "sha256:837248b4fc3a9b83b9c6214699a13f069dc13510a6a6d7f9ba33145d2841a012",
                "sha256:88080a0ff8a55eac9c84e3ff3c7665b3b5476c6fbc484775ca1910ce1c3e0b87",
                "sha256:8c13b81a9347eb8c7548f53fd9a4f08d4dfe996836543f805c987bafa03317ae",
                "sha256:9467697b8083f9667b212633ad6aa4ab32436dcbaf4cd57325debb0ddef2012f",
                "sha256:96d31a6b4354e3b9b8a2c848af75d31da390657e3ac6f30c05c82068b9ed79b9",
                "sha256:a9d7ec92d71a420185dec44909c32e9a362248c4ae2238234b76d5be37f208cc",
                "sha256:ab7b58f8f82706890924ccdfb5f48002b83d2b5a3845976a9fb705d36c34dcdb",
                "sha256:b37205ad6f00d52f16b6d09f406434ba928c1a1966e2771006a9033c736d30d2",
                "sha256:b62d586eb25cb8cb70a5746a378fc3194cb7f11ea77170d59f889f5dfe3cec7a",
                "sha256:b98bdd7c456a05eef7cd21fd6b29e3ca243591fe531c62be94a2cc987efb5ac2",
                "sha256:c253828cb08f47488d60f43c5fc95114c771bbfff085da54bfc79cb4f9e3a372",
                "sha256:c624b615ce97864eb588779ed4046186f967374185c047070545253a52ab2d57",
                "sha256:c6f048aa0fd080d6a06cc7e7537c09b53be6642d330ac6f54a600c3ace857ee9",
                "sha256:cc03acc273c5515ab69f898df99d9d4f12c4d70dbfc24c3acc6203751d0804cf",
                "sha256:d25c20a03e8870f6339bcf67281b946bd20b86f1a544ebbebb87e66a8d642cba",
                "sha256:d2c3554bd31b731cd6490d94a28f3abb8dd770634a9e06eb6d2911b9827db370",
                "sha256:d4a558c7620340a0931828d8065688b3cc5b4c8eb674bcaf33d18ff4a6870b4a",
                "sha256:df4df0b9d02bb873a106971bb85d448378ef14b86ba96f035f50bbd3688456b4",
                "sha256:e190b738675a73b581736cc8ec71ae113d6c3768d0bd18bffa5b9a0927b0b6ea"
            ],
            "index": "pypi",
            "markers": "python_version >= '3.9'",
            "version": "==2.3.2"
        },
        "pyarrow": {
            "hashes": [
                "sha256:067c66ca29aaedae08218569a114e413b26e742171f526e828e1064fcdec13f4",
                "sha256:072116f65604b822a7f22945a7a6e581cfa28e3454fdcc6939d4ff6090126623",
                "sha256:0c4e75d13eb76295a49e0ea056eb18dbd87d81450bfeb8afa19a7e5a75ae2ad7",
                "sha256:186aa00bca62139f75b7de8420f745f2af12941595bbbfa7ed3870ff63e25636",
                "sha256:1e005378c4a2c6db3ada3ad4c217b381f6c886f0a80d6a316fe586b90f77efd7",
                "sha256:203003786c9fd253ebcafa44b03c06983c9c8d06c3145e37f1b76a1f317aeae1",
                "sha256:222c39e2c70113543982c6b34f3077962b44fca38c0bd9e68bb6781534425c10",
                "sha256:26bfd95f6bff443ceae63c65dc7e048670b7e98bc892210acba7e4995d3d4b51",
                "sha256:3a302f0e0963db37e0a24a70c56cf91a4faa0bca51c23812279ca2e23481fccd",
                "sha256:3a81486adc665c7eb1a2bde0224cfca6ceaba344a82a971ef059678417880eb8",
                "sha256:3b4d97e297741796fead24867a8dabf86c87e4584ccc03167e4a811f50fdf74d",
                "sha256:40ebfcb54a4f11bcde86bc586cbd0272bac0d516cfa539c799c2453768477569",
                "sha256:479ee41399fcddc46159a551705b89c05f11e8b8cb8e968f7fec64f62d91985e",
                "sha256:5051f2dccf0e283ff56335760cbc8622cf52264d67e359d5569541ac11b6d5bc",
                "sha256:555ca6935b2cbca2c0e932bedd853e9bc523098c39636de9ad4693b5b1df86d6",
                "sha256:585e7224f21124dd57836b1530ac8f2df2afc43c861d7bf3d58a4870c42ae36c",
                "sha256:58c30a1729f82d201627c173d91bd431db88ea74dcaa3885855bc6203e433b82",
                "sha256:6299449adf89df38537837487a4f8d3bd91ec94354fdd2a7d30bc11c48ef6e79",
                "sha256:65f8e85f79031449ec8706b74504a316805217b35b6099155dd7e227eef0d4b6",
                "sha256:689f448066781856237eca8d1975b98cace19b8dd2ab6145bf49475478bcaa10",
                "sha256:69cbbdf0631396e9925e048cfa5bce4e8c3d3b41562bbd70c685a8eb53a91e61",
                "sha256:731c7022587006b755d0bdb27626a1a3bb004bb56b11fb30d98b6c1b4718579d",
                "sha256:7be45519b830f7c24b21d630a31d48bcebfd5d4d7f9d3bdb49da9cdf6d764edb",
                "sha256:898afce396b80fdda05e3086b4256f8677c671f7b1d27a6976fa011d3fd0a86e",
                "sha256:8d58d8497814274d3d20214fbb24abcad2f7e351474357d552a8d53bce70c70e",
                "sha256:9b0b14b49ac10654332a805aedfc0147fb3469cbf8ea951b3d040dab12372594",
                "sha256:9d9f8bcb4c3be7738add259738abdeddc363de1b80e3310e04067aa1ca596634",
                "sha256:a7a102574faa3f421141a64c10216e078df467ab9576684d5cd696952546e2da",
                "sha256:a7f6524e3747e35f80744537c78e7302cd41deee8baa668d56d55f77d9c464b3",
                "sha256:b6b27cf01e243871390474a211a7922bfbe3bda21e39bc9160daf0da3fe48876",
                "sha256:b7ae0bbdc8c6674259b25bef5d2a1d6af5d39d7200c819cf99e07f7dfef1c51e",
                "sha256:bd04ec08f7f8bd113c55868bd3fc442a9db67c27af098c5f814a3091e71cc61a",
                "sha256:c077f48aab61738c237802836fc3844f85409a46015635198761b0d6a688f87b",
                "sha256:cdc4c17afda4dab2a9c0b79148a43a7f4e1094916b3e18d8975bfd6d6d52241f",
                "sha256:cf56ec8b0a5c8c9d7021d6fd754e688104f9ebebf1bf4449613c9531f5346a18",
                "sha256:d2fe8e7f3ce329a71b7ddd7498b3cfac0eeb200c2789bd840234f0dc271a8efe",
                "sha256:dc56bc708f2d8ac71bd1dcb927e458c93cec10b98eb4120206a4091db7b67b99",
                "sha256:e563271e2c5ff4d4a4cbeb2c83d5cf0d4938b891518e676025f7268c6fe5fe26",
                "sha256:e72a8ec6b868e258a2cd2672d91f2860ad532d590ce94cdf7d5e7ec674ccf03d",
                "sha256:e99310a4ebd4479bcd1964dff9e14af33746300cb014aa4a3781738ac63baf4a",
                "sha256:f522e5709379d72fb3da7785aa489ff0bb87448a9dc5a75f45763a795a089ebd",
                "sha256:fc0d2f88b81dcf3ccf9a6ae17f89183762c8a94a5bdcfa09e05cfe413acf0503",
                "sha256:fee33b0ca46f4c85443d6c450357101e47d53e6c3f008d658c27a2d020d44c79"
            ],
            "index": "pypi",
            "markers": "python_version >= '3.9'",
            "version": "==21.0.0"
        },
        "python-dateutil": {
            "hashes": [
                "sha256:37dd54208da7e1cd875388217d5e00ebd4179249f90fb72437e91a35459a0ad3",
                "sha256:a8b2bc7bffae282281c8140a97d3aa9c14da0b136dfe83f850eea9a5f7470427"
            ],
            "markers": "python_version >= '2.7' and python_version not in '3.0, 3.1, 3.2'",
            "version": "==2.9.0.post0"
        },
        "pytz": {
            "hashes": [
                "sha256:360b9e3dbb49a209c21ad61809c7fb453643e048b38924c765813546746e81c3",
                "sha256:5ddf76296dd8c44c26eb8f4b6f35488f3ccbf6fbbd7adee0b7262d43f0ec2f00"
            ],
            "version": "==2025.2"
        },
        "scikit-learn": {
            "hashes": [
                "sha256:0650e730afb87402baa88afbf31c07b84c98272622aaba002559b614600ca691",
                "sha256:0c8d036eb937dbb568c6242fa598d551d88fb4399c0344d95c001980ec1c7d36",
                "sha256:1061b7c028a8663fb9a1a1baf9317b64a257fcb036dae5c8752b2abef31d136f",
                "sha256:25fc636bdaf1cc2f4a124a116312d837148b5e10872147bdaf4887926b8c03d8",
                "sha256:2c2cae262064e6a9b77eee1c8e768fc46aa0b8338c6a8297b9b6759720ec0ff2",
                "sha256:2e69fab4ebfc9c9b580a7a80111b43d214ab06250f8a7ef590a4edf72464dd86",
                "sha256:2ffa1e9e25b3d93990e74a4be2c2fc61ee5af85811562f1288d5d055880c4322",
                "sha256:3f59fe08dc03ea158605170eb52b22a105f238a5d512c4470ddeca71feae8e5f",
                "sha256:44a17798172df1d3c1065e8fcf9019183f06c87609b49a124ebdf57ae6cb0107",
                "sha256:6849dd3234e87f55dce1db34c89a810b489ead832aaf4d4550b7ea85628be6c1",
                "sha256:6a7aa5f9908f0f28f4edaa6963c0a6183f1911e63a69aa03782f0d924c830a35",
                "sha256:70b1d7e85b1c96383f872a519b3375f92f14731e279a7b4c6cfd650cf5dffc52",
                "sha256:72abc587c75234935e97d09aa4913a82f7b03ee0b74111dcc2881cba3c5a7b33",
                "sha256:775da975a471c4f6f467725dff0ced5c7ac7bda5e9316b260225b48475279a1b",
                "sha256:7a1c43c8ec9fde528d664d947dc4c0789be4077a3647f232869f41d9bf50e0fb",
                "sha256:7a73d457070e3318e32bdb3aa79a8d990474f19035464dfd8bede2883ab5dc3b",
                "sha256:8634c4bd21a2a813e0a7e3900464e6d593162a29dd35d25bdf0103b3fce60ed5",
                "sha256:8a600c31592bd7dab31e1c61b9bbd6dea1b3433e67d264d17ce1017dbdce8002",
                "sha256:926f207c804104677af4857b2c609940b743d04c4c35ce0ddc8ff4f053cddc1b",
                "sha256:a17c1dea1d56dcda2fac315712f3651a1fea86565b64b48fa1bc090249cbf236",
                "sha256:b3b00cdc8f1317b5f33191df1386c0befd16625f49d979fe77a8d44cae82410d",
                "sha256:b4fc2525eca2c69a59260f583c56a7557c6ccdf8deafdba6e060f94c1c59738e",
                "sha256:b8b7a3b86e411e4bce21186e1c180d792f3d99223dcfa3b4f597ecc92fa1a422",
                "sha256:c06beb2e839ecc641366000ca84f3cf6fa9faa1777e29cf0c04be6e4d096a348",
                "sha256:d056391530ccd1e501056160e3c9673b4da4805eb67eb2bdf4e983e1f9c9204e",
                "sha256:dc4765af3386811c3ca21638f63b9cf5ecf66261cc4815c1db3f1e7dc7b79db2",
                "sha256:dc5cf3d68c5a20ad6d571584c0750ec641cc46aeef1c1507be51300e6003a7e1",
                "sha256:e7be3fa5d2eb9be7d77c3734ff1d599151bb523674be9b834e8da6abe132f44e",
                "sha256:e8ca8cb270fee8f1f76fa9bfd5c3507d60c6438bbee5687f81042e2bb98e5a97",
                "sha256:fa909b1a36e000a03c382aade0bd2063fd5680ff8b8e501660c0f59f021a6415"
            ],
            "index": "pypi",
            "markers": "python_version >= '3.9'",
            "version": "==1.6.1"
        },
        "scipy": {
            "hashes": [
                "sha256:017367484ce5498445aade74b1d5ab377acdc65e27095155e448c88497755a5d",
                "sha256:095a87a0312b08dfd6a6155cbbd310a8c51800fc931b8c0b84003014b874ed3c",
                "sha256:20335853b85e9a49ff7572ab453794298bcf0354d8068c5f6775a0eabf350aca",
                "sha256:27e52b09c0d3a1d5b63e1105f24177e544a222b43611aaf5bc44d4a0979e32f9",
                "sha256:2831f0dc9c5ea9edd6e51e6e769b655f08ec6db6e2e10f86ef39bd32eb11da54",
                "sha256:2ac65fb503dad64218c228e2dc2d0a0193f7904747db43014645ae139c8fad16",
                "sha256:392e4ec766654852c25ebad4f64e4e584cf19820b980bc04960bca0b0cd6eaa2",
                "sha256:436bbb42a94a8aeef855d755ce5a465479c721e9d684de76bf61a62e7c2b81d5",
                "sha256:45484bee6d65633752c490404513b9ef02475b4284c4cfab0ef946def50b3f59",
                "sha256:54f430b00f0133e2224c3ba42b805bfd0086fe488835effa33fa291561932326",
                "sha256:5713f62f781eebd8d597eb3f88b8bf9274e79eeabf63afb4a737abc6c84ad37b",
                "sha256:5d72782f39716b2b3509cd7c33cdc08c96f2f4d2b06d51e52fb45a19ca0c86a1",
                "sha256:637e98dcf185ba7f8e663e122ebf908c4702420477ae52a04f9908707456ba4d",
                "sha256:8335549ebbca860c52bf3d02f80784e91a004b71b059e3eea9678ba994796a24",
                "sha256:949ae67db5fa78a86e8fa644b9a6b07252f449dcf74247108c50e1d20d2b4627",
                "sha256:a014c2b3697bde71724244f63de2476925596c24285c7a637364761f8710891c",
                "sha256:a78b4b3345f1b6f68a763c6e25c0c9a23a9fd0f39f5f3d200efe8feda560a5fa",
                "sha256:cdd7dacfb95fea358916410ec61bbc20440f7860333aee6d882bb8046264e949",
                "sha256:cfa31f1def5c819b19ecc3a8b52d28ffdcc7ed52bb20c9a7589669dd3c250989",
                "sha256:d533654b7d221a6a97304ab63c41c96473ff04459e404b83275b60aa8f4b7004",
                "sha256:d605e9c23906d1994f55ace80e0125c587f96c020037ea6aa98d01b4bd2e222f",
                "sha256:de3ade0e53bc1f21358aa74ff4830235d716211d7d077e340c7349bc3542e884",
                "sha256:e89369d27f9e7b0884ae559a3a956e77c02114cc60a6058b4e5011572eea9299",
                "sha256:eccfa1906eacc02de42d70ef4aecea45415f5be17e72b61bafcfd329bdc52e94",
                "sha256:f26264b282b9da0952a024ae34710c2aff7d27480ee91a2e82b7b7073c24722f"
            ],
            "markers": "python_version >= '3.9'",
            "version": "==1.13.1"
        },
        "six": {
            "hashes": [
                "sha256:4721f391ed90541fddacab5acf947aa0d3dc7d27b2e1e8eda2be8970586c3274",
                "sha256:ff70335d468e7eb6ec65b95b99d3a2836546063f63acc5171de367e834932a81"
            ],
            "markers": "python_version >= '2.7' and python_version not in '3.0, 3.1, 3.2'",
            "version": "==1.17.0"
        },
        "threadpoolctl": {
            "hashes": [
                "sha256:43a0b8fd5a2928500110039e43a5eed8480b918967083ea48dc3ab9f13c4a7fb",
                "sha256:8ab8b4aa3491d812b623328249fab5302a68d2d71745c8a4c719a2fcaba9f44e"
            ],
            "markers": "python_version >= '3.9'",
            "version": "==3.6.0"
        },
        "tzdata": {
            "hashes": [
                "sha256:1a403fada01ff9221ca8044d701868fa132215d84beb92242d9acd2147f667a8",
                "sha256:b60a638fcc0daffadf82fe0f57e53d06bdec2f36c4df66280ae79bce6bd6f2b9"
            ],
            "markers": "python_version >= '2'",
            "version": "==2025.2"
        }
    },
    "develop": {}
}
